// !$*UTF8*$!
{
	archiveVersion = 1;
	classes = {
	};
	objectVersion = 56;
	objects = {

/* Begin PBXBuildFile section */
		81855B8D2923DBC3005BB13A /* MyGoogleAutenthicatorApp.swift in Sources */ = {isa = PBXBuildFile; fileRef = 81855B8C2923DBC3005BB13A /* MyGoogleAutenthicatorApp.swift */; };
		81855B8F2923DBC3005BB13A /* ContentView.swift in Sources */ = {isa = PBXBuildFile; fileRef = 81855B8E2923DBC3005BB13A /* ContentView.swift */; };
		81855B912923DBC4005BB13A /* Assets.xcassets in Resources */ = {isa = PBXBuildFile; fileRef = 81855B902923DBC4005BB13A /* Assets.xcassets */; };
		81855B942923DBC4005BB13A /* Preview Assets.xcassets in Resources */ = {isa = PBXBuildFile; fileRef = 81855B932923DBC4005BB13A /* Preview Assets.xcassets */; };
		81855B9E2923DBC5005BB13A /* MyGoogleAutenthicatorTests.swift in Sources */ = {isa = PBXBuildFile; fileRef = 81855B9D2923DBC5005BB13A /* MyGoogleAutenthicatorTests.swift */; };
		81855BA82923DBC5005BB13A /* MyGoogleAutenthicatorUITests.swift in Sources */ = {isa = PBXBuildFile; fileRef = 81855BA72923DBC5005BB13A /* MyGoogleAutenthicatorUITests.swift */; };
		81855BAA2923DBC5005BB13A /* MyGoogleAutenthicatorUITestsLaunchTests.swift in Sources */ = {isa = PBXBuildFile; fileRef = 81855BA92923DBC5005BB13A /* MyGoogleAutenthicatorUITestsLaunchTests.swift */; };
/* End PBXBuildFile section */

/* Begin PBXContainerItemProxy section */
		81855B9A2923DBC5005BB13A /* PBXContainerItemProxy */ = {
			isa = PBXContainerItemProxy;
			containerPortal = 81855B812923DBC3005BB13A /* Project object */;
			proxyType = 1;
			remoteGlobalIDString = 81855B882923DBC3005BB13A;
			remoteInfo = MyGoogleAutenthicator;
		};
		81855BA42923DBC5005BB13A /* PBXContainerItemProxy */ = {
			isa = PBXContainerItemProxy;
			containerPortal = 81855B812923DBC3005BB13A /* Project object */;
			proxyType = 1;
			remoteGlobalIDString = 81855B882923DBC3005BB13A;
			remoteInfo = MyGoogleAutenthicator;
		};
/* End PBXContainerItemProxy section */

/* Begin PBXFileReference section */
		81855B892923DBC3005BB13A /* MyGoogleAutenthicator.app */ = {isa = PBXFileReference; explicitFileType = wrapper.application; includeInIndex = 0; path = MyGoogleAutenthicator.app; sourceTree = BUILT_PRODUCTS_DIR; };
		81855B8C2923DBC3005BB13A /* MyGoogleAutenthicatorApp.swift */ = {isa = PBXFileReference; lastKnownFileType = sourcecode.swift; path = MyGoogleAutenthicatorApp.swift; sourceTree = "<group>"; };
		81855B8E2923DBC3005BB13A /* ContentView.swift */ = {isa = PBXFileReference; lastKnownFileType = sourcecode.swift; path = ContentView.swift; sourceTree = "<group>"; };
		81855B902923DBC4005BB13A /* Assets.xcassets */ = {isa = PBXFileReference; lastKnownFileType = folder.assetcatalog; path = Assets.xcassets; sourceTree = "<group>"; };
		81855B932923DBC4005BB13A /* Preview Assets.xcassets */ = {isa = PBXFileReference; lastKnownFileType = folder.assetcatalog; path = "Preview Assets.xcassets"; sourceTree = "<group>"; };
		81855B992923DBC5005BB13A /* MyGoogleAutenthicatorTests.xctest */ = {isa = PBXFileReference; explicitFileType = wrapper.cfbundle; includeInIndex = 0; path = MyGoogleAutenthicatorTests.xctest; sourceTree = BUILT_PRODUCTS_DIR; };
		81855B9D2923DBC5005BB13A /* MyGoogleAutenthicatorTests.swift */ = {isa = PBXFileReference; lastKnownFileType = sourcecode.swift; path = MyGoogleAutenthicatorTests.swift; sourceTree = "<group>"; };
		81855BA32923DBC5005BB13A /* MyGoogleAutenthicatorUITests.xctest */ = {isa = PBXFileReference; explicitFileType = wrapper.cfbundle; includeInIndex = 0; path = MyGoogleAutenthicatorUITests.xctest; sourceTree = BUILT_PRODUCTS_DIR; };
		81855BA72923DBC5005BB13A /* MyGoogleAutenthicatorUITests.swift */ = {isa = PBXFileReference; lastKnownFileType = sourcecode.swift; path = MyGoogleAutenthicatorUITests.swift; sourceTree = "<group>"; };
		81855BA92923DBC5005BB13A /* MyGoogleAutenthicatorUITestsLaunchTests.swift */ = {isa = PBXFileReference; lastKnownFileType = sourcecode.swift; path = MyGoogleAutenthicatorUITestsLaunchTests.swift; sourceTree = "<group>"; };
/* End PBXFileReference section */

/* Begin PBXFrameworksBuildPhase section */
		81855B862923DBC3005BB13A /* Frameworks */ = {
			isa = PBXFrameworksBuildPhase;
			buildActionMask = 2147483647;
			files = (
			);
			runOnlyForDeploymentPostprocessing = 0;
		};
		81855B962923DBC5005BB13A /* Frameworks */ = {
			isa = PBXFrameworksBuildPhase;
			buildActionMask = 2147483647;
			files = (
			);
			runOnlyForDeploymentPostprocessing = 0;
		};
		81855BA02923DBC5005BB13A /* Frameworks */ = {
			isa = PBXFrameworksBuildPhase;
			buildActionMask = 2147483647;
			files = (
			);
			runOnlyForDeploymentPostprocessing = 0;
		};
/* End PBXFrameworksBuildPhase section */

/* Begin PBXGroup section */
		81855B802923DBC3005BB13A = {
			isa = PBXGroup;
			children = (
				81855B8B2923DBC3005BB13A /* MyGoogleAutenthicator */,
				81855B9C2923DBC5005BB13A /* MyGoogleAutenthicatorTests */,
				81855BA62923DBC5005BB13A /* MyGoogleAutenthicatorUITests */,
				81855B8A2923DBC3005BB13A /* Products */,
			);
			sourceTree = "<group>";
		};
		81855B8A2923DBC3005BB13A /* Products */ = {
			isa = PBXGroup;
			children = (
				81855B892923DBC3005BB13A /* MyGoogleAutenthicator.app */,
				81855B992923DBC5005BB13A /* MyGoogleAutenthicatorTests.xctest */,
				81855BA32923DBC5005BB13A /* MyGoogleAutenthicatorUITests.xctest */,
			);
			name = Products;
			sourceTree = "<group>";
		};
		81855B8B2923DBC3005BB13A /* MyGoogleAutenthicator */ = {
			isa = PBXGroup;
			children = (
				81855B8C2923DBC3005BB13A /* MyGoogleAutenthicatorApp.swift */,
				81855B8E2923DBC3005BB13A /* ContentView.swift */,
				81855B902923DBC4005BB13A /* Assets.xcassets */,
				81855B922923DBC4005BB13A /* Preview Content */,
			);
			path = MyGoogleAutenthicator;
			sourceTree = "<group>";
		};
		81855B922923DBC4005BB13A /* Preview Content */ = {
			isa = PBXGroup;
			children = (
				81855B932923DBC4005BB13A /* Preview Assets.xcassets */,
			);
			path = "Preview Content";
			sourceTree = "<group>";
		};
		81855B9C2923DBC5005BB13A /* MyGoogleAutenthicatorTests */ = {
			isa = PBXGroup;
			children = (
				81855B9D2923DBC5005BB13A /* MyGoogleAutenthicatorTests.swift */,
			);
			path = MyGoogleAutenthicatorTests;
			sourceTree = "<group>";
		};
		81855BA62923DBC5005BB13A /* MyGoogleAutenthicatorUITests */ = {
			isa = PBXGroup;
			children = (
				81855BA72923DBC5005BB13A /* MyGoogleAutenthicatorUITests.swift */,
				81855BA92923DBC5005BB13A /* MyGoogleAutenthicatorUITestsLaunchTests.swift */,
			);
			path = MyGoogleAutenthicatorUITests;
			sourceTree = "<group>";
		};
/* End PBXGroup section */

/* Begin PBXNativeTarget section */
		81855B882923DBC3005BB13A /* MyGoogleAutenthicator */ = {
			isa = PBXNativeTarget;
			buildConfigurationList = 81855BAD2923DBC5005BB13A /* Build configuration list for PBXNativeTarget "MyGoogleAutenthicator" */;
			buildPhases = (
				81855B852923DBC3005BB13A /* Sources */,
				81855B862923DBC3005BB13A /* Frameworks */,
				81855B872923DBC3005BB13A /* Resources */,
			);
			buildRules = (
			);
			dependencies = (
			);
			name = MyGoogleAutenthicator;
			productName = MyGoogleAutenthicator;
			productReference = 81855B892923DBC3005BB13A /* MyGoogleAutenthicator.app */;
			productType = "com.apple.product-type.application";
		};
		81855B982923DBC5005BB13A /* MyGoogleAutenthicatorTests */ = {
			isa = PBXNativeTarget;
			buildConfigurationList = 81855BB02923DBC5005BB13A /* Build configuration list for PBXNativeTarget "MyGoogleAutenthicatorTests" */;
			buildPhases = (
				81855B952923DBC5005BB13A /* Sources */,
				81855B962923DBC5005BB13A /* Frameworks */,
				81855B972923DBC5005BB13A /* Resources */,
			);
			buildRules = (
			);
			dependencies = (
				81855B9B2923DBC5005BB13A /* PBXTargetDependency */,
			);
			name = MyGoogleAutenthicatorTests;
			productName = MyGoogleAutenthicatorTests;
			productReference = 81855B992923DBC5005BB13A /* MyGoogleAutenthicatorTests.xctest */;
			productType = "com.apple.product-type.bundle.unit-test";
		};
		81855BA22923DBC5005BB13A /* MyGoogleAutenthicatorUITests */ = {
			isa = PBXNativeTarget;
			buildConfigurationList = 81855BB32923DBC5005BB13A /* Build configuration list for PBXNativeTarget "MyGoogleAutenthicatorUITests" */;
			buildPhases = (
				81855B9F2923DBC5005BB13A /* Sources */,
				81855BA02923DBC5005BB13A /* Frameworks */,
				81855BA12923DBC5005BB13A /* Resources */,
			);
			buildRules = (
			);
			dependencies = (
				81855BA52923DBC5005BB13A /* PBXTargetDependency */,
			);
			name = MyGoogleAutenthicatorUITests;
			productName = MyGoogleAutenthicatorUITests;
			productReference = 81855BA32923DBC5005BB13A /* MyGoogleAutenthicatorUITests.xctest */;
			productType = "com.apple.product-type.bundle.ui-testing";
		};
/* End PBXNativeTarget section */

/* Begin PBXProject section */
		81855B812923DBC3005BB13A /* Project object */ = {
			isa = PBXProject;
			attributes = {
				BuildIndependentTargetsInParallel = 1;
				LastSwiftUpdateCheck = 1410;
				LastUpgradeCheck = 1410;
				TargetAttributes = {
					81855B882923DBC3005BB13A = {
						CreatedOnToolsVersion = 14.1;
					};
					81855B982923DBC5005BB13A = {
						CreatedOnToolsVersion = 14.1;
						TestTargetID = 81855B882923DBC3005BB13A;
					};
					81855BA22923DBC5005BB13A = {
						CreatedOnToolsVersion = 14.1;
						TestTargetID = 81855B882923DBC3005BB13A;
					};
				};
			};
			buildConfigurationList = 81855B842923DBC3005BB13A /* Build configuration list for PBXProject "MyGoogleAutenthicator" */;
			compatibilityVersion = "Xcode 14.0";
			developmentRegion = en;
			hasScannedForEncodings = 0;
			knownRegions = (
				en,
				Base,
			);
			mainGroup = 81855B802923DBC3005BB13A;
			productRefGroup = 81855B8A2923DBC3005BB13A /* Products */;
			projectDirPath = "";
			projectRoot = "";
			targets = (
				81855B882923DBC3005BB13A /* MyGoogleAutenthicator */,
				81855B982923DBC5005BB13A /* MyGoogleAutenthicatorTests */,
				81855BA22923DBC5005BB13A /* MyGoogleAutenthicatorUITests */,
			);
		};
/* End PBXProject section */

/* Begin PBXResourcesBuildPhase section */
		81855B872923DBC3005BB13A /* Resources */ = {
			isa = PBXResourcesBuildPhase;
			buildActionMask = 2147483647;
			files = (
				81855B942923DBC4005BB13A /* Preview Assets.xcassets in Resources */,
				81855B912923DBC4005BB13A /* Assets.xcassets in Resources */,
			);
			runOnlyForDeploymentPostprocessing = 0;
		};
		81855B972923DBC5005BB13A /* Resources */ = {
			isa = PBXResourcesBuildPhase;
			buildActionMask = 2147483647;
			files = (
			);
			runOnlyForDeploymentPostprocessing = 0;
		};
		81855BA12923DBC5005BB13A /* Resources */ = {
			isa = PBXResourcesBuildPhase;
			buildActionMask = 2147483647;
			files = (
			);
			runOnlyForDeploymentPostprocessing = 0;
		};
/* End PBXResourcesBuildPhase section */

/* Begin PBXSourcesBuildPhase section */
		81855B852923DBC3005BB13A /* Sources */ = {
			isa = PBXSourcesBuildPhase;
			buildActionMask = 2147483647;
			files = (
				81855B8F2923DBC3005BB13A /* ContentView.swift in Sources */,
				81855B8D2923DBC3005BB13A /* MyGoogleAutenthicatorApp.swift in Sources */,
			);
			runOnlyForDeploymentPostprocessing = 0;
		};
		81855B952923DBC5005BB13A /* Sources */ = {
			isa = PBXSourcesBuildPhase;
			buildActionMask = 2147483647;
			files = (
				81855B9E2923DBC5005BB13A /* MyGoogleAutenthicatorTests.swift in Sources */,
			);
			runOnlyForDeploymentPostprocessing = 0;
		};
		81855B9F2923DBC5005BB13A /* Sources */ = {
			isa = PBXSourcesBuildPhase;
			buildActionMask = 2147483647;
			files = (
				81855BA82923DBC5005BB13A /* MyGoogleAutenthicatorUITests.swift in Sources */,
				81855BAA2923DBC5005BB13A /* MyGoogleAutenthicatorUITestsLaunchTests.swift in Sources */,
			);
			runOnlyForDeploymentPostprocessing = 0;
		};
/* End PBXSourcesBuildPhase section */

/* Begin PBXTargetDependency section */
		81855B9B2923DBC5005BB13A /* PBXTargetDependency */ = {
			isa = PBXTargetDependency;
			target = 81855B882923DBC3005BB13A /* MyGoogleAutenthicator */;
			targetProxy = 81855B9A2923DBC5005BB13A /* PBXContainerItemProxy */;
		};
		81855BA52923DBC5005BB13A /* PBXTargetDependency */ = {
			isa = PBXTargetDependency;
			target = 81855B882923DBC3005BB13A /* MyGoogleAutenthicator */;
			targetProxy = 81855BA42923DBC5005BB13A /* PBXContainerItemProxy */;
		};
/* End PBXTargetDependency section */

/* Begin XCBuildConfiguration section */
		81855BAB2923DBC5005BB13A /* Debug */ = {
			isa = XCBuildConfiguration;
			buildSettings = {
				ALWAYS_SEARCH_USER_PATHS = NO;
				CLANG_ANALYZER_NONNULL = YES;
				CLANG_ANALYZER_NUMBER_OBJECT_CONVERSION = YES_AGGRESSIVE;
				CLANG_CXX_LANGUAGE_STANDARD = "gnu++20";
				CLANG_ENABLE_MODULES = YES;
				CLANG_ENABLE_OBJC_ARC = YES;
				CLANG_ENABLE_OBJC_WEAK = YES;
				CLANG_WARN_BLOCK_CAPTURE_AUTORELEASING = YES;
				CLANG_WARN_BOOL_CONVERSION = YES;
				CLANG_WARN_COMMA = YES;
				CLANG_WARN_CONSTANT_CONVERSION = YES;
				CLANG_WARN_DEPRECATED_OBJC_IMPLEMENTATIONS = YES;
				CLANG_WARN_DIRECT_OBJC_ISA_USAGE = YES_ERROR;
				CLANG_WARN_DOCUMENTATION_COMMENTS = YES;
				CLANG_WARN_EMPTY_BODY = YES;
				CLANG_WARN_ENUM_CONVERSION = YES;
				CLANG_WARN_INFINITE_RECURSION = YES;
				CLANG_WARN_INT_CONVERSION = YES;
				CLANG_WARN_NON_LITERAL_NULL_CONVERSION = YES;
				CLANG_WARN_OBJC_IMPLICIT_RETAIN_SELF = YES;
				CLANG_WARN_OBJC_LITERAL_CONVERSION = YES;
				CLANG_WARN_OBJC_ROOT_CLASS = YES_ERROR;
				CLANG_WARN_QUOTED_INCLUDE_IN_FRAMEWORK_HEADER = YES;
				CLANG_WARN_RANGE_LOOP_ANALYSIS = YES;
				CLANG_WARN_STRICT_PROTOTYPES = YES;
				CLANG_WARN_SUSPICIOUS_MOVE = YES;
				CLANG_WARN_UNGUARDED_AVAILABILITY = YES_AGGRESSIVE;
				CLANG_WARN_UNREACHABLE_CODE = YES;
				CLANG_WARN__DUPLICATE_METHOD_MATCH = YES;
				COPY_PHASE_STRIP = NO;
				DEBUG_INFORMATION_FORMAT = dwarf;
				ENABLE_STRICT_OBJC_MSGSEND = YES;
				ENABLE_TESTABILITY = YES;
				GCC_C_LANGUAGE_STANDARD = gnu11;
				GCC_DYNAMIC_NO_PIC = NO;
				GCC_NO_COMMON_BLOCKS = YES;
				GCC_OPTIMIZATION_LEVEL = 0;
				GCC_PREPROCESSOR_DEFINITIONS = (
					"DEBUG=1",
					"$(inherited)",
				);
				GCC_WARN_64_TO_32_BIT_CONVERSION = YES;
				GCC_WARN_ABOUT_RETURN_TYPE = YES_ERROR;
				GCC_WARN_UNDECLARED_SELECTOR = YES;
				GCC_WARN_UNINITIALIZED_AUTOS = YES_AGGRESSIVE;
				GCC_WARN_UNUSED_FUNCTION = YES;
				GCC_WARN_UNUSED_VARIABLE = YES;
				IPHONEOS_DEPLOYMENT_TARGET = 16.1;
				MTL_ENABLE_DEBUG_INFO = INCLUDE_SOURCE;
				MTL_FAST_MATH = YES;
				ONLY_ACTIVE_ARCH = YES;
				SDKROOT = iphoneos;
				SWIFT_ACTIVE_COMPILATION_CONDITIONS = DEBUG;
				SWIFT_OPTIMIZATION_LEVEL = "-Onone";
			};
			name = Debug;
		};
		81855BAC2923DBC5005BB13A /* Release */ = {
			isa = XCBuildConfiguration;
			buildSettings = {
				ALWAYS_SEARCH_USER_PATHS = NO;
				CLANG_ANALYZER_NONNULL = YES;
				CLANG_ANALYZER_NUMBER_OBJECT_CONVERSION = YES_AGGRESSIVE;
				CLANG_CXX_LANGUAGE_STANDARD = "gnu++20";
				CLANG_ENABLE_MODULES = YES;
				CLANG_ENABLE_OBJC_ARC = YES;
				CLANG_ENABLE_OBJC_WEAK = YES;
				CLANG_WARN_BLOCK_CAPTURE_AUTORELEASING = YES;
				CLANG_WARN_BOOL_CONVERSION = YES;
				CLANG_WARN_COMMA = YES;
				CLANG_WARN_CONSTANT_CONVERSION = YES;
				CLANG_WARN_DEPRECATED_OBJC_IMPLEMENTATIONS = YES;
				CLANG_WARN_DIRECT_OBJC_ISA_USAGE = YES_ERROR;
				CLANG_WARN_DOCUMENTATION_COMMENTS = YES;
				CLANG_WARN_EMPTY_BODY = YES;
				CLANG_WARN_ENUM_CONVERSION = YES;
				CLANG_WARN_INFINITE_RECURSION = YES;
				CLANG_WARN_INT_CONVERSION = YES;
				CLANG_WARN_NON_LITERAL_NULL_CONVERSION = YES;
				CLANG_WARN_OBJC_IMPLICIT_RETAIN_SELF = YES;
				CLANG_WARN_OBJC_LITERAL_CONVERSION = YES;
				CLANG_WARN_OBJC_ROOT_CLASS = YES_ERROR;
				CLANG_WARN_QUOTED_INCLUDE_IN_FRAMEWORK_HEADER = YES;
				CLANG_WARN_RANGE_LOOP_ANALYSIS = YES;
				CLANG_WARN_STRICT_PROTOTYPES = YES;
				CLANG_WARN_SUSPICIOUS_MOVE = YES;
				CLANG_WARN_UNGUARDED_AVAILABILITY = YES_AGGRESSIVE;
				CLANG_WARN_UNREACHABLE_CODE = YES;
				CLANG_WARN__DUPLICATE_METHOD_MATCH = YES;
				COPY_PHASE_STRIP = NO;
				DEBUG_INFORMATION_FORMAT = "dwarf-with-dsym";
				ENABLE_NS_ASSERTIONS = NO;
				ENABLE_STRICT_OBJC_MSGSEND = YES;
				GCC_C_LANGUAGE_STANDARD = gnu11;
				GCC_NO_COMMON_BLOCKS = YES;
				GCC_WARN_64_TO_32_BIT_CONVERSION = YES;
				GCC_WARN_ABOUT_RETURN_TYPE = YES_ERROR;
				GCC_WARN_UNDECLARED_SELECTOR = YES;
				GCC_WARN_UNINITIALIZED_AUTOS = YES_AGGRESSIVE;
				GCC_WARN_UNUSED_FUNCTION = YES;
				GCC_WARN_UNUSED_VARIABLE = YES;
				IPHONEOS_DEPLOYMENT_TARGET = 16.1;
				MTL_ENABLE_DEBUG_INFO = NO;
				MTL_FAST_MATH = YES;
				SDKROOT = iphoneos;
				SWIFT_COMPILATION_MODE = wholemodule;
				SWIFT_OPTIMIZATION_LEVEL = "-O";
				VALIDATE_PRODUCT = YES;
			};
			name = Release;
		};
		81855BAE2923DBC5005BB13A /* Debug */ = {
			isa = XCBuildConfiguration;
			buildSettings = {
				ASSETCATALOG_COMPILER_APPICON_NAME = AppIcon;
				ASSETCATALOG_COMPILER_GLOBAL_ACCENT_COLOR_NAME = AccentColor;
				CODE_SIGN_STYLE = Automatic;
				CURRENT_PROJECT_VERSION = 1;
				DEVELOPMENT_ASSET_PATHS = "\"MyGoogleAutenthicator/Preview Content\"";
				DEVELOPMENT_TEAM = 4TH2649S46;
				ENABLE_PREVIEWS = YES;
				GENERATE_INFOPLIST_FILE = YES;
				INFOPLIST_KEY_UIApplicationSceneManifest_Generation = YES;
				INFOPLIST_KEY_UIApplicationSupportsIndirectInputEvents = YES;
				INFOPLIST_KEY_UILaunchScreen_Generation = YES;
				INFOPLIST_KEY_UISupportedInterfaceOrientations_iPad = "UIInterfaceOrientationPortrait UIInterfaceOrientationPortraitUpsideDown UIInterfaceOrientationLandscapeLeft UIInterfaceOrientationLandscapeRight";
				INFOPLIST_KEY_UISupportedInterfaceOrientations_iPhone = "UIInterfaceOrientationPortrait UIInterfaceOrientationLandscapeLeft UIInterfaceOrientationLandscapeRight";
				LD_RUNPATH_SEARCH_PATHS = (
					"$(inherited)",
					"@executable_path/Frameworks",
				);
				MARKETING_VERSION = 1.0;
				PRODUCT_BUNDLE_IDENTIFIER = ADA.MyGoogleAutenthicator;
				PRODUCT_NAME = "$(TARGET_NAME)";
				SWIFT_EMIT_LOC_STRINGS = YES;
				SWIFT_VERSION = 5.0;
				TARGETED_DEVICE_FAMILY = "1,2";
			};
			name = Debug;
		};
		81855BAF2923DBC5005BB13A /* Release */ = {
			isa = XCBuildConfiguration;
			buildSettings = {
				ASSETCATALOG_COMPILER_APPICON_NAME = AppIcon;
				ASSETCATALOG_COMPILER_GLOBAL_ACCENT_COLOR_NAME = AccentColor;
				CODE_SIGN_STYLE = Automatic;
				CURRENT_PROJECT_VERSION = 1;
				DEVELOPMENT_ASSET_PATHS = "\"MyGoogleAutenthicator/Preview Content\"";
				DEVELOPMENT_TEAM = 4TH2649S46;
				ENABLE_PREVIEWS = YES;
				GENERATE_INFOPLIST_FILE = YES;
				INFOPLIST_KEY_UIApplicationSceneManifest_Generation = YES;
				INFOPLIST_KEY_UIApplicationSupportsIndirectInputEvents = YES;
				INFOPLIST_KEY_UILaunchScreen_Generation = YES;
				INFOPLIST_KEY_UISupportedInterfaceOrientations_iPad = "UIInterfaceOrientationPortrait UIInterfaceOrientationPortraitUpsideDown UIInterfaceOrientationLandscapeLeft UIInterfaceOrientationLandscapeRight";
				INFOPLIST_KEY_UISupportedInterfaceOrientations_iPhone = "UIInterfaceOrientationPortrait UIInterfaceOrientationLandscapeLeft UIInterfaceOrientationLandscapeRight";
				LD_RUNPATH_SEARCH_PATHS = (
					"$(inherited)",
					"@executable_path/Frameworks",
				);
				MARKETING_VERSION = 1.0;
				PRODUCT_BUNDLE_IDENTIFIER = ADA.MyGoogleAutenthicator;
				PRODUCT_NAME = "$(TARGET_NAME)";
				SWIFT_EMIT_LOC_STRINGS = YES;
				SWIFT_VERSION = 5.0;
				TARGETED_DEVICE_FAMILY = "1,2";
			};
			name = Release;
		};
		81855BB12923DBC5005BB13A /* Debug */ = {
			isa = XCBuildConfiguration;
			buildSettings = {
				ALWAYS_EMBED_SWIFT_STANDARD_LIBRARIES = YES;
				BUNDLE_LOADER = "$(TEST_HOST)";
				CODE_SIGN_STYLE = Automatic;
				CURRENT_PROJECT_VERSION = 1;
				DEVELOPMENT_TEAM = 4TH2649S46;
				GENERATE_INFOPLIST_FILE = YES;
				IPHONEOS_DEPLOYMENT_TARGET = 16.1;
				MARKETING_VERSION = 1.0;
				PRODUCT_BUNDLE_IDENTIFIER = ADA.MyGoogleAutenthicatorTests;
				PRODUCT_NAME = "$(TARGET_NAME)";
				SWIFT_EMIT_LOC_STRINGS = NO;
				SWIFT_VERSION = 5.0;
				TARGETED_DEVICE_FAMILY = "1,2";
				TEST_HOST = "$(BUILT_PRODUCTS_DIR)/MyGoogleAutenthicator.app/$(BUNDLE_EXECUTABLE_FOLDER_PATH)/MyGoogleAutenthicator";
			};
			name = Debug;
		};
		81855BB22923DBC5005BB13A /* Release */ = {
			isa = XCBuildConfiguration;
			buildSettings = {
				ALWAYS_EMBED_SWIFT_STANDARD_LIBRARIES = YES;
				BUNDLE_LOADER = "$(TEST_HOST)";
				CODE_SIGN_STYLE = Automatic;
				CURRENT_PROJECT_VERSION = 1;
				DEVELOPMENT_TEAM = 4TH2649S46;
				GENERATE_INFOPLIST_FILE = YES;
				IPHONEOS_DEPLOYMENT_TARGET = 16.1;
				MARKETING_VERSION = 1.0;
				PRODUCT_BUNDLE_IDENTIFIER = ADA.MyGoogleAutenthicatorTests;
				PRODUCT_NAME = "$(TARGET_NAME)";
				SWIFT_EMIT_LOC_STRINGS = NO;
				SWIFT_VERSION = 5.0;
				TARGETED_DEVICE_FAMILY = "1,2";
				TEST_HOST = "$(BUILT_PRODUCTS_DIR)/MyGoogleAutenthicator.app/$(BUNDLE_EXECUTABLE_FOLDER_PATH)/MyGoogleAutenthicator";
			};
			name = Release;
		};
		81855BB42923DBC5005BB13A /* Debug */ = {
			isa = XCBuildConfiguration;
			buildSettings = {
				ALWAYS_EMBED_SWIFT_STANDARD_LIBRARIES = YES;
				CODE_SIGN_STYLE = Automatic;
				CURRENT_PROJECT_VERSION = 1;
				DEVELOPMENT_TEAM = 4TH2649S46;
				GENERATE_INFOPLIST_FILE = YES;
				MARKETING_VERSION = 1.0;
				PRODUCT_BUNDLE_IDENTIFIER = ADA.MyGoogleAutenthicatorUITests;
				PRODUCT_NAME = "$(TARGET_NAME)";
				SWIFT_EMIT_LOC_STRINGS = NO;
				SWIFT_VERSION = 5.0;
				TARGETED_DEVICE_FAMILY = "1,2";
				TEST_TARGET_NAME = MyGoogleAutenthicator;
			};
			name = Debug;
		};
		81855BB52923DBC5005BB13A /* Release */ = {
			isa = XCBuildConfiguration;
			buildSettings = {
				ALWAYS_EMBED_SWIFT_STANDARD_LIBRARIES = YES;
				CODE_SIGN_STYLE = Automatic;
				CURRENT_PROJECT_VERSION = 1;
				DEVELOPMENT_TEAM = 4TH2649S46;
				GENERATE_INFOPLIST_FILE = YES;
				MARKETING_VERSION = 1.0;
				PRODUCT_BUNDLE_IDENTIFIER = ADA.MyGoogleAutenthicatorUITests;
				PRODUCT_NAME = "$(TARGET_NAME)";
				SWIFT_EMIT_LOC_STRINGS = NO;
				SWIFT_VERSION = 5.0;
				TARGETED_DEVICE_FAMILY = "1,2";
				TEST_TARGET_NAME = MyGoogleAutenthicator;
			};
			name = Release;
		};
/* End XCBuildConfiguration section */

/* Begin XCConfigurationList section */
		81855B842923DBC3005BB13A /* Build configuration list for PBXProject "MyGoogleAutenthicator" */ = {
			isa = XCConfigurationList;
			buildConfigurations = (
				81855BAB2923DBC5005BB13A /* Debug */,
				81855BAC2923DBC5005BB13A /* Release */,
			);
			defaultConfigurationIsVisible = 0;
			defaultConfigurationName = Release;
		};
		81855BAD2923DBC5005BB13A /* Build configuration list for PBXNativeTarget "MyGoogleAutenthicator" */ = {
			isa = XCConfigurationList;
			buildConfigurations = (
				81855BAE2923DBC5005BB13A /* Debug */,
				81855BAF2923DBC5005BB13A /* Release */,
			);
			defaultConfigurationIsVisible = 0;
			defaultConfigurationName = Release;
		};
		81855BB02923DBC5005BB13A /* Build configuration list for PBXNativeTarget "MyGoogleAutenthicatorTests" */ = {
			isa = XCConfigurationList;
			buildConfigurations = (
				81855BB12923DBC5005BB13A /* Debug */,
				81855BB22923DBC5005BB13A /* Release */,
			);
			defaultConfigurationIsVisible = 0;
			defaultConfigurationName = Release;
		};
		81855BB32923DBC5005BB13A /* Build configuration list for PBXNativeTarget "MyGoogleAutenthicatorUITests" */ = {
			isa = XCConfigurationList;
			buildConfigurations = (
				81855BB42923DBC5005BB13A /* Debug */,
				81855BB52923DBC5005BB13A /* Release */,
			);
			defaultConfigurationIsVisible = 0;
			defaultConfigurationName = Release;
		};
/* End XCConfigurationList section */
	};
	rootObject = 81855B812923DBC3005BB13A /* Project object */;
}
